
Microsoft Visual Studio Solution File, Format Version 12.00
# Visual Studio Version 16
VisualStudioVersion = 16.0.31515.178
MinimumVisualStudioVersion = 10.0.40219.1
Project("{FAE04EC0-301F-11D3-BF4B-00C04F79EFBC}") = "FizzBuzzMVC", "FizzBuzzMVC\FizzBuzzMVC.csproj", "{CFDC914D-DB7F-473F-9CD3-B54EB4D3121A}"
EndProject
Global
	GlobalSection(SolutionConfigurationPlatforms) = preSolution
		Debug|Any CPU = Debug|Any CPU
		Release|Any CPU = Release|Any CPU
	EndGlobalSection
	GlobalSection(ProjectConfigurationPlatforms) = postSolution
		{CFDC914D-DB7F-473F-9CD3-B54EB4D3121A}.Debug|Any CPU.ActiveCfg = Debug|Any CPU
		{CFDC914D-DB7F-473F-9CD3-B54EB4D3121A}.Debug|Any CPU.Build.0 = Debug|Any CPU
		{CFDC914D-DB7F-473F-9CD3-B54EB4D3121A}.Release|Any CPU.ActiveCfg = Release|Any CPU
		{CFDC914D-DB7F-473F-9CD3-B54EB4D3121A}.Release|Any CPU.Build.0 = Release|Any CPU
	EndGlobalSection
	GlobalSection(SolutionProperties) = preSolution
		HideSolutionNode = FALSE
	EndGlobalSection
	GlobalSection(ExtensibilityGlobals) = postSolution
		SolutionGuid = {8A19D232-B194-4717-8495-76FEDFED4DA9}
	EndGlobalSection
EndGlobal
